
Microsoft Visual Studio Solution File, Format Version 12.00
# Visual Studio Version 17
VisualStudioVersion = 17.1.32414.318
MinimumVisualStudioVersion = 10.0.40219.1
Project("{9A19103F-16F7-4668-BE54-9A1E7A4F7556}") = "CreatingClasses", "POOCSharp\CreatingClasses.csproj", "{DA6B8633-CB93-4284-A2F9-01F814B67056}"
EndProject
Project("{9A19103F-16F7-4668-BE54-9A1E7A4F7556}") = "Scope", "Scope\Scope.csproj", "{507CEF97-4DAD-4B83-8366-E341AA1D1781}"
EndProject
Project("{9A19103F-16F7-4668-BE54-9A1E7A4F7556}") = "PrivatePublicAccess", "PrivatePublicAccess\PrivatePublicAccess.csproj", "{41DECC7C-F065-4C1D-9DF9-2AF5C41F721A}"
EndProject
Project("{9A19103F-16F7-4668-BE54-9A1E7A4F7556}") = "Accessor", "Accesors\Accessor.csproj", "{540B8C9C-AAA6-47EF-9AB1-E76CA3C1495A}"
EndProject
Project("{9A19103F-16F7-4668-BE54-9A1E7A4F7556}") = "Properties", "Properties\Properties.csproj", "{C90508D9-6415-4DBA-AD9F-F58E30706BEB}"
EndProject
Project("{9A19103F-16F7-4668-BE54-9A1E7A4F7556}") = "Overloading", "Overloading\Overloading.csproj", "{79E692EB-DCC8-43FF-AFE2-D85AB97B4A03}"
EndProject
Project("{9A19103F-16F7-4668-BE54-9A1E7A4F7556}") = "Constructor", "Constructor\Constructor.csproj", "{D4ADA377-96E2-4622-BDF1-E4B75566AACF}"
EndProject
Project("{9A19103F-16F7-4668-BE54-9A1E7A4F7556}") = "StaticAttributes", "StaticAttributes\StaticAttributes.csproj", "{3196D736-3C08-4695-A685-65EC9B0B8D7B}"
EndProject
Project("{9A19103F-16F7-4668-BE54-9A1E7A4F7556}") = "StaticMethods", "StaticMethods\StaticMethods.csproj", "{41C583DE-6245-448B-936B-3074A5B0EA65}"
EndProject
Project("{9A19103F-16F7-4668-BE54-9A1E7A4F7556}") = "Inheritance", "Inheritance\Inheritance.csproj", "{78EC758B-384C-401D-98C1-7CA00EE6C7A1}"
EndProject
Project("{9A19103F-16F7-4668-BE54-9A1E7A4F7556}") = "Aggregation", "Aggregation\Aggregation.csproj", "{2BA81FFE-2CDF-4FBB-813A-84EA36F3F2A8}"
EndProject
Project("{9A19103F-16F7-4668-BE54-9A1E7A4F7556}") = "Composition", "Composition\Composition.csproj", "{596EC291-F754-4A8D-9EA6-9E80731C1153}"
EndProject
Project("{FAE04EC0-301F-11D3-BF4B-00C04F79EFBC}") = "AbstractClassMethod", "AbstractClassMethod\AbstractClassMethod.csproj", "{086BE23C-2CAD-4BDF-9613-135D48E45D63}"
EndProject
Global
	GlobalSection(SolutionConfigurationPlatforms) = preSolution
		Debug|Any CPU = Debug|Any CPU
		Release|Any CPU = Release|Any CPU
	EndGlobalSection
	GlobalSection(ProjectConfigurationPlatforms) = postSolution
		{DA6B8633-CB93-4284-A2F9-01F814B67056}.Debug|Any CPU.ActiveCfg = Debug|Any CPU
		{DA6B8633-CB93-4284-A2F9-01F814B67056}.Debug|Any CPU.Build.0 = Debug|Any CPU
		{DA6B8633-CB93-4284-A2F9-01F814B67056}.Release|Any CPU.ActiveCfg = Release|Any CPU
		{DA6B8633-CB93-4284-A2F9-01F814B67056}.Release|Any CPU.Build.0 = Release|Any CPU
		{507CEF97-4DAD-4B83-8366-E341AA1D1781}.Debug|Any CPU.ActiveCfg = Debug|Any CPU
		{507CEF97-4DAD-4B83-8366-E341AA1D1781}.Debug|Any CPU.Build.0 = Debug|Any CPU
		{507CEF97-4DAD-4B83-8366-E341AA1D1781}.Release|Any CPU.ActiveCfg = Release|Any CPU
		{507CEF97-4DAD-4B83-8366-E341AA1D1781}.Release|Any CPU.Build.0 = Release|Any CPU
		{41DECC7C-F065-4C1D-9DF9-2AF5C41F721A}.Debug|Any CPU.ActiveCfg = Debug|Any CPU
		{41DECC7C-F065-4C1D-9DF9-2AF5C41F721A}.Debug|Any CPU.Build.0 = Debug|Any CPU
		{41DECC7C-F065-4C1D-9DF9-2AF5C41F721A}.Release|Any CPU.ActiveCfg = Release|Any CPU
		{41DECC7C-F065-4C1D-9DF9-2AF5C41F721A}.Release|Any CPU.Build.0 = Release|Any CPU
		{540B8C9C-AAA6-47EF-9AB1-E76CA3C1495A}.Debug|Any CPU.ActiveCfg = Debug|Any CPU
		{540B8C9C-AAA6-47EF-9AB1-E76CA3C1495A}.Debug|Any CPU.Build.0 = Debug|Any CPU
		{540B8C9C-AAA6-47EF-9AB1-E76CA3C1495A}.Release|Any CPU.ActiveCfg = Release|Any CPU
		{540B8C9C-AAA6-47EF-9AB1-E76CA3C1495A}.Release|Any CPU.Build.0 = Release|Any CPU
		{C90508D9-6415-4DBA-AD9F-F58E30706BEB}.Debug|Any CPU.ActiveCfg = Debug|Any CPU
		{C90508D9-6415-4DBA-AD9F-F58E30706BEB}.Debug|Any CPU.Build.0 = Debug|Any CPU
		{C90508D9-6415-4DBA-AD9F-F58E30706BEB}.Release|Any CPU.ActiveCfg = Release|Any CPU
		{C90508D9-6415-4DBA-AD9F-F58E30706BEB}.Release|Any CPU.Build.0 = Release|Any CPU
		{79E692EB-DCC8-43FF-AFE2-D85AB97B4A03}.Debug|Any CPU.ActiveCfg = Debug|Any CPU
		{79E692EB-DCC8-43FF-AFE2-D85AB97B4A03}.Debug|Any CPU.Build.0 = Debug|Any CPU
		{79E692EB-DCC8-43FF-AFE2-D85AB97B4A03}.Release|Any CPU.ActiveCfg = Release|Any CPU
		{79E692EB-DCC8-43FF-AFE2-D85AB97B4A03}.Release|Any CPU.Build.0 = Release|Any CPU
		{D4ADA377-96E2-4622-BDF1-E4B75566AACF}.Debug|Any CPU.ActiveCfg = Debug|Any CPU
		{D4ADA377-96E2-4622-BDF1-E4B75566AACF}.Debug|Any CPU.Build.0 = Debug|Any CPU
		{D4ADA377-96E2-4622-BDF1-E4B75566AACF}.Release|Any CPU.ActiveCfg = Release|Any CPU
		{D4ADA377-96E2-4622-BDF1-E4B75566AACF}.Release|Any CPU.Build.0 = Release|Any CPU
		{3196D736-3C08-4695-A685-65EC9B0B8D7B}.Debug|Any CPU.ActiveCfg = Debug|Any CPU
		{3196D736-3C08-4695-A685-65EC9B0B8D7B}.Debug|Any CPU.Build.0 = Debug|Any CPU
		{3196D736-3C08-4695-A685-65EC9B0B8D7B}.Release|Any CPU.ActiveCfg = Release|Any CPU
		{3196D736-3C08-4695-A685-65EC9B0B8D7B}.Release|Any CPU.Build.0 = Release|Any CPU
		{41C583DE-6245-448B-936B-3074A5B0EA65}.Debug|Any CPU.ActiveCfg = Debug|Any CPU
		{41C583DE-6245-448B-936B-3074A5B0EA65}.Debug|Any CPU.Build.0 = Debug|Any CPU
		{41C583DE-6245-448B-936B-3074A5B0EA65}.Release|Any CPU.ActiveCfg = Release|Any CPU
		{41C583DE-6245-448B-936B-3074A5B0EA65}.Release|Any CPU.Build.0 = Release|Any CPU
		{78EC758B-384C-401D-98C1-7CA00EE6C7A1}.Debug|Any CPU.ActiveCfg = Debug|Any CPU
		{78EC758B-384C-401D-98C1-7CA00EE6C7A1}.Debug|Any CPU.Build.0 = Debug|Any CPU
		{78EC758B-384C-401D-98C1-7CA00EE6C7A1}.Release|Any CPU.ActiveCfg = Release|Any CPU
		{78EC758B-384C-401D-98C1-7CA00EE6C7A1}.Release|Any CPU.Build.0 = Release|Any CPU
		{2BA81FFE-2CDF-4FBB-813A-84EA36F3F2A8}.Debug|Any CPU.ActiveCfg = Debug|Any CPU
		{2BA81FFE-2CDF-4FBB-813A-84EA36F3F2A8}.Debug|Any CPU.Build.0 = Debug|Any CPU
		{2BA81FFE-2CDF-4FBB-813A-84EA36F3F2A8}.Release|Any CPU.ActiveCfg = Release|Any CPU
		{2BA81FFE-2CDF-4FBB-813A-84EA36F3F2A8}.Release|Any CPU.Build.0 = Release|Any CPU
		{596EC291-F754-4A8D-9EA6-9E80731C1153}.Debug|Any CPU.ActiveCfg = Debug|Any CPU
		{596EC291-F754-4A8D-9EA6-9E80731C1153}.Debug|Any CPU.Build.0 = Debug|Any CPU
		{596EC291-F754-4A8D-9EA6-9E80731C1153}.Release|Any CPU.ActiveCfg = Release|Any CPU
		{596EC291-F754-4A8D-9EA6-9E80731C1153}.Release|Any CPU.Build.0 = Release|Any CPU
		{086BE23C-2CAD-4BDF-9613-135D48E45D63}.Debug|Any CPU.ActiveCfg = Debug|Any CPU
		{086BE23C-2CAD-4BDF-9613-135D48E45D63}.Debug|Any CPU.Build.0 = Debug|Any CPU
		{086BE23C-2CAD-4BDF-9613-135D48E45D63}.Release|Any CPU.ActiveCfg = Release|Any CPU
		{086BE23C-2CAD-4BDF-9613-135D48E45D63}.Release|Any CPU.Build.0 = Release|Any CPU
	EndGlobalSection
	GlobalSection(SolutionProperties) = preSolution
		HideSolutionNode = FALSE
	EndGlobalSection
	GlobalSection(ExtensibilityGlobals) = postSolution
		SolutionGuid = {FCB3C1DE-B5A9-49B0-AB65-62C4ED0B4250}
	EndGlobalSection
EndGlobal
